
Microsoft Visual Studio Solution File, Format Version 12.00
# Visual Studio Version 17
VisualStudioVersion = 17.4.33403.182
MinimumVisualStudioVersion = 10.0.40219.1
Project("{FAE04EC0-301F-11D3-BF4B-00C04F79EFBC}") = "XML_JSON_PROJECT", "XML_JSON_PROJECT\XML_JSON_PROJECT.csproj", "{3E44D431-DC9A-4796-9FD4-35A1275A9087}"
EndProject
Global
	GlobalSection(SolutionConfigurationPlatforms) = preSolution
		Debug|Any CPU = Debug|Any CPU
		Release|Any CPU = Release|Any CPU
	EndGlobalSection
	GlobalSection(ProjectConfigurationPlatforms) = postSolution
		{3E44D431-DC9A-4796-9FD4-35A1275A9087}.Debug|Any CPU.ActiveCfg = Debug|Any CPU
		{3E44D431-DC9A-4796-9FD4-35A1275A9087}.Debug|Any CPU.Build.0 = Debug|Any CPU
		{3E44D431-DC9A-4796-9FD4-35A1275A9087}.Release|Any CPU.ActiveCfg = Release|Any CPU
		{3E44D431-DC9A-4796-9FD4-35A1275A9087}.Release|Any CPU.Build.0 = Release|Any CPU
	EndGlobalSection
	GlobalSection(SolutionProperties) = preSolution
		HideSolutionNode = FALSE
	EndGlobalSection
	GlobalSection(ExtensibilityGlobals) = postSolution
		SolutionGuid = {ED38DA18-7397-41BE-A0BD-80ACB406C59B}
	EndGlobalSection
EndGlobal
